# This file is automatically @generated by Cargo.
# It is not intended for manual editing.
version = 4

[[package]]
name = "ast"
version = "0.1.0"

[[package]]
name = "cli"
version = "0.1.0"
dependencies = [
 "lexer",
 "parser",
]

[[package]]
name = "interpreter"
version = "0.1.0"

[[package]]
name = "lexer"
version = "0.1.0"

[[package]]
name = "parser"
version = "0.1.0"
dependencies = [
 "ast",
 "lexer",
]
